
Microsoft Visual Studio Solution File, Format Version 12.00
# Visual Studio Version 17
VisualStudioVersion = 17.1.31911.260
MinimumVisualStudioVersion = 10.0.40219.1
Project("{9A19103F-16F7-4668-BE54-9A1E7A4F7556}") = "NorthwindBlazor.App", "NorthwindBlazor.App\NorthwindBlazor.App.csproj", "{AD0C4075-D27C-49F3-A62E-886D5D305D8B}"
EndProject
Project("{9A19103F-16F7-4668-BE54-9A1E7A4F7556}") = "NorthwindBlazor.Lib", "NorthwindBlazor.Lib\NorthwindBlazor.Lib.csproj", "{8AFAD284-C0EF-4834-9A22-770DD7A448E5}"
EndProject
Global
	GlobalSection(SolutionConfigurationPlatforms) = preSolution
		Debug|Any CPU = Debug|Any CPU
		Release|Any CPU = Release|Any CPU
	EndGlobalSection
	GlobalSection(ProjectConfigurationPlatforms) = postSolution
		{AD0C4075-D27C-49F3-A62E-886D5D305D8B}.Debug|Any CPU.ActiveCfg = Debug|Any CPU
		{AD0C4075-D27C-49F3-A62E-886D5D305D8B}.Debug|Any CPU.Build.0 = Debug|Any CPU
		{AD0C4075-D27C-49F3-A62E-886D5D305D8B}.Release|Any CPU.ActiveCfg = Release|Any CPU
		{AD0C4075-D27C-49F3-A62E-886D5D305D8B}.Release|Any CPU.Build.0 = Release|Any CPU
		{8AFAD284-C0EF-4834-9A22-770DD7A448E5}.Debug|Any CPU.ActiveCfg = Debug|Any CPU
		{8AFAD284-C0EF-4834-9A22-770DD7A448E5}.Debug|Any CPU.Build.0 = Debug|Any CPU
		{8AFAD284-C0EF-4834-9A22-770DD7A448E5}.Release|Any CPU.ActiveCfg = Release|Any CPU
		{8AFAD284-C0EF-4834-9A22-770DD7A448E5}.Release|Any CPU.Build.0 = Release|Any CPU
	EndGlobalSection
	GlobalSection(SolutionProperties) = preSolution
		HideSolutionNode = FALSE
	EndGlobalSection
	GlobalSection(ExtensibilityGlobals) = postSolution
		SolutionGuid = {48C25B14-D166-4DB3-A3FA-401D4C4B126E}
	EndGlobalSection
EndGlobal
